{
  "name": "for_ajs",
  "version": "1.0.0",
  "lockfileVersion": 3,
  "requires": true,
  "packages": {
    "": {
      "name": "for_ajs",
      "version": "1.0.0",
      "license": "ISC",
      "dependencies": {
        "@i7axa666/ajs": "^1.0.0"
      }
    },
    "node_modules/@i7axa666/ajs": {
      "version": "1.0.0",
      "resolved": "https://npm.pkg.github.com/download/@i7axa666/ajs/1.0.0/b54e25fd28b393f15713670d0f342a88263e416f",
      "integrity": "sha512-FX3ilab+4l1mxfW5Aj2aPIYb8MppEHK3veY2TDCCl9FfZYsffDZeXGz+ygKIHs3XIDWakgrpJO1pn5CoN+tlDg==",
      "license": "ISC"
    }
  }
}
